
Microsoft Visual Studio Solution File, Format Version 12.00
# Visual Studio Version 17
VisualStudioVersion = 17.6.33815.320
MinimumVisualStudioVersion = 10.0.40219.1
Project("{8BC9CEB8-8B4A-11D0-8D11-00A0C91BC942}") = "XChatyServer", "XChatyServer\XChatyServer.vcxproj", "{1A9BD666-769D-4E8C-9A7F-A2FCBC8E221D}"
EndProject
Global
	GlobalSection(SolutionConfigurationPlatforms) = preSolution
		Debug|x86 = Debug|x86
		Release|x86 = Release|x86
	EndGlobalSection
	GlobalSection(ProjectConfigurationPlatforms) = postSolution
		{1A9BD666-769D-4E8C-9A7F-A2FCBC8E221D}.Debug|x86.ActiveCfg = Debug|Win32
		{1A9BD666-769D-4E8C-9A7F-A2FCBC8E221D}.Debug|x86.Build.0 = Debug|Win32
		{1A9BD666-769D-4E8C-9A7F-A2FCBC8E221D}.Release|x86.ActiveCfg = Release|Win32
		{1A9BD666-769D-4E8C-9A7F-A2FCBC8E221D}.Release|x86.Build.0 = Release|Win32
	EndGlobalSection
	GlobalSection(SolutionProperties) = preSolution
		HideSolutionNode = FALSE
	EndGlobalSection
	GlobalSection(ExtensibilityGlobals) = postSolution
		SolutionGuid = {3D4EAC9C-7BEB-48EF-BF7F-A049BA4BFDE2}
	EndGlobalSection
EndGlobal
